
Microsoft Visual Studio Solution File, Format Version 12.00
# Visual Studio 14
VisualStudioVersion = 14.0.24720.0
MinimumVisualStudioVersion = 10.0.40219.1
Project("{FAE04EC0-301F-11D3-BF4B-00C04F79EFBC}") = "AzureTableQuery", "AzureTableQuery\AzureTableQuery.csproj", "{1EDCB84F-6157-4FF4-AB71-3C491CB7ED3E}"
EndProject
Project("{E24C65DC-7377-472B-9ABA-BC803B73C61A}") = "AzAngularClient", "AzAngularClient\", "{91480C87-D063-4A42-9CA2-79ECAF1B95DE}"
	ProjectSection(WebsiteProperties) = preProject
		TargetFrameworkMoniker = ".NETFramework,Version%3Dv4.5.2"
		Debug.AspNetCompiler.VirtualPath = "/localhost_49812"
		Debug.AspNetCompiler.PhysicalPath = "AzAngularClient\"
		Debug.AspNetCompiler.TargetPath = "PrecompiledWeb\localhost_49812\"
		Debug.AspNetCompiler.Updateable = "true"
		Debug.AspNetCompiler.ForceOverwrite = "true"
		Debug.AspNetCompiler.FixedNames = "false"
		Debug.AspNetCompiler.Debug = "True"
		Release.AspNetCompiler.VirtualPath = "/localhost_49812"
		Release.AspNetCompiler.PhysicalPath = "AzAngularClient\"
		Release.AspNetCompiler.TargetPath = "PrecompiledWeb\localhost_49812\"
		Release.AspNetCompiler.Updateable = "true"
		Release.AspNetCompiler.ForceOverwrite = "true"
		Release.AspNetCompiler.FixedNames = "false"
		Release.AspNetCompiler.Debug = "False"
		VWDPort = "49812"
		SlnRelativePath = "AzAngularClient\"
		DefaultWebSiteLanguage = "Visual C#"
	EndProjectSection
EndProject
Global
	GlobalSection(SolutionConfigurationPlatforms) = preSolution
		Debug|Any CPU = Debug|Any CPU
		Release|Any CPU = Release|Any CPU
	EndGlobalSection
	GlobalSection(ProjectConfigurationPlatforms) = postSolution
		{1EDCB84F-6157-4FF4-AB71-3C491CB7ED3E}.Debug|Any CPU.ActiveCfg = Debug|Any CPU
		{1EDCB84F-6157-4FF4-AB71-3C491CB7ED3E}.Debug|Any CPU.Build.0 = Debug|Any CPU
		{1EDCB84F-6157-4FF4-AB71-3C491CB7ED3E}.Release|Any CPU.ActiveCfg = Release|Any CPU
		{1EDCB84F-6157-4FF4-AB71-3C491CB7ED3E}.Release|Any CPU.Build.0 = Release|Any CPU
		{91480C87-D063-4A42-9CA2-79ECAF1B95DE}.Debug|Any CPU.ActiveCfg = Debug|Any CPU
		{91480C87-D063-4A42-9CA2-79ECAF1B95DE}.Debug|Any CPU.Build.0 = Debug|Any CPU
		{91480C87-D063-4A42-9CA2-79ECAF1B95DE}.Release|Any CPU.ActiveCfg = Debug|Any CPU
		{91480C87-D063-4A42-9CA2-79ECAF1B95DE}.Release|Any CPU.Build.0 = Debug|Any CPU
	EndGlobalSection
	GlobalSection(SolutionProperties) = preSolution
		HideSolutionNode = FALSE
	EndGlobalSection
EndGlobal
